// !$*UTF8*$!
{
	archiveVersion = 1;
	classes = {
	};
	objectVersion = 50;
	objects = {

/* Begin PBXBuildFile section */
		880B120C26DF55440034477A /* NamesModel.swift in Sources */ = {isa = PBXBuildFile; fileRef = 880B120B26DF55440034477A /* NamesModel.swift */; };
		880B121026DF76180034477A /* CompanyNamesViewModel.swift in Sources */ = {isa = PBXBuildFile; fileRef = 880B120F26DF76180034477A /* CompanyNamesViewModel.swift */; };
		88F4AA9F26DDE65D001898B0 /* AppDelegate.swift in Sources */ = {isa = PBXBuildFile; fileRef = 88F4AA9E26DDE65D001898B0 /* AppDelegate.swift */; };
		88F4AAA326DDE65D001898B0 /* ViewController.swift in Sources */ = {isa = PBXBuildFile; fileRef = 88F4AAA226DDE65D001898B0 /* ViewController.swift */; };
		88F4AAA626DDE65D001898B0 /* Main.storyboard in Resources */ = {isa = PBXBuildFile; fileRef = 88F4AAA426DDE65D001898B0 /* Main.storyboard */; };
		88F4AAA826DDE65D001898B0 /* Assets.xcassets in Resources */ = {isa = PBXBuildFile; fileRef = 88F4AAA726DDE65D001898B0 /* Assets.xcassets */; };
		88F4AAAB26DDE65D001898B0 /* LaunchScreen.storyboard in Resources */ = {isa = PBXBuildFile; fileRef = 88F4AAA926DDE65D001898B0 /* LaunchScreen.storyboard */; };
		88F4AAB726DDF174001898B0 /* NamesTVCell.swift in Sources */ = {isa = PBXBuildFile; fileRef = 88F4AAB526DDF174001898B0 /* NamesTVCell.swift */; };
		88F4AAB826DDF174001898B0 /* NamesTVCell.xib in Resources */ = {isa = PBXBuildFile; fileRef = 88F4AAB626DDF174001898B0 /* NamesTVCell.xib */; };
		88F4AAC626DE18BC001898B0 /* Extensions.swift in Sources */ = {isa = PBXBuildFile; fileRef = 88F4AAC526DE18BC001898B0 /* Extensions.swift */; };
/* End PBXBuildFile section */

/* Begin PBXFileReference section */
		880B120B26DF55440034477A /* NamesModel.swift */ = {isa = PBXFileReference; lastKnownFileType = sourcecode.swift; path = NamesModel.swift; sourceTree = "<group>"; };
		880B120F26DF76180034477A /* CompanyNamesViewModel.swift */ = {isa = PBXFileReference; lastKnownFileType = sourcecode.swift; path = CompanyNamesViewModel.swift; sourceTree = "<group>"; };
		88F4AA9B26DDE65D001898B0 /* Test.app */ = {isa = PBXFileReference; explicitFileType = wrapper.application; includeInIndex = 0; path = Test.app; sourceTree = BUILT_PRODUCTS_DIR; };
		88F4AA9E26DDE65D001898B0 /* AppDelegate.swift */ = {isa = PBXFileReference; lastKnownFileType = sourcecode.swift; path = AppDelegate.swift; sourceTree = "<group>"; };
		88F4AAA226DDE65D001898B0 /* ViewController.swift */ = {isa = PBXFileReference; lastKnownFileType = sourcecode.swift; path = ViewController.swift; sourceTree = "<group>"; };
		88F4AAA526DDE65D001898B0 /* Base */ = {isa = PBXFileReference; lastKnownFileType = file.storyboard; name = Base; path = Base.lproj/Main.storyboard; sourceTree = "<group>"; };
		88F4AAA726DDE65D001898B0 /* Assets.xcassets */ = {isa = PBXFileReference; lastKnownFileType = folder.assetcatalog; path = Assets.xcassets; sourceTree = "<group>"; };
		88F4AAAA26DDE65D001898B0 /* Base */ = {isa = PBXFileReference; lastKnownFileType = file.storyboard; name = Base; path = Base.lproj/LaunchScreen.storyboard; sourceTree = "<group>"; };
		88F4AAAC26DDE65D001898B0 /* Info.plist */ = {isa = PBXFileReference; lastKnownFileType = text.plist.xml; path = Info.plist; sourceTree = "<group>"; };
		88F4AAB526DDF174001898B0 /* NamesTVCell.swift */ = {isa = PBXFileReference; lastKnownFileType = sourcecode.swift; path = NamesTVCell.swift; sourceTree = "<group>"; };
		88F4AAB626DDF174001898B0 /* NamesTVCell.xib */ = {isa = PBXFileReference; lastKnownFileType = file.xib; path = NamesTVCell.xib; sourceTree = "<group>"; };
		88F4AAC526DE18BC001898B0 /* Extensions.swift */ = {isa = PBXFileReference; lastKnownFileType = sourcecode.swift; path = Extensions.swift; sourceTree = "<group>"; };
/* End PBXFileReference section */

/* Begin PBXFrameworksBuildPhase section */
		88F4AA9826DDE65D001898B0 /* Frameworks */ = {
			isa = PBXFrameworksBuildPhase;
			buildActionMask = 2147483647;
			files = (
			);
			runOnlyForDeploymentPostprocessing = 0;
		};
/* End PBXFrameworksBuildPhase section */

/* Begin PBXGroup section */
		880B120926DF53D50034477A /* View */ = {
			isa = PBXGroup;
			children = (
				88F4AAA226DDE65D001898B0 /* ViewController.swift */,
			);
			path = View;
			sourceTree = "<group>";
		};
		880B120A26DF53E40034477A /* Model */ = {
			isa = PBXGroup;
			children = (
				880B120B26DF55440034477A /* NamesModel.swift */,
			);
			path = Model;
			sourceTree = "<group>";
		};
		880B120E26DF604C0034477A /* TableView Cells */ = {
			isa = PBXGroup;
			children = (
				88F4AAB526DDF174001898B0 /* NamesTVCell.swift */,
				88F4AAB626DDF174001898B0 /* NamesTVCell.xib */,
			);
			path = "TableView Cells";
			sourceTree = "<group>";
		};
		880B121226DF7A540034477A /* ViewModel */ = {
			isa = PBXGroup;
			children = (
				880B120F26DF76180034477A /* CompanyNamesViewModel.swift */,
			);
			path = ViewModel;
			sourceTree = "<group>";
		};
		88F4AA9226DDE65D001898B0 = {
			isa = PBXGroup;
			children = (
				88F4AA9D26DDE65D001898B0 /* Test */,
				88F4AA9C26DDE65D001898B0 /* Products */,
			);
			sourceTree = "<group>";
		};
		88F4AA9C26DDE65D001898B0 /* Products */ = {
			isa = PBXGroup;
			children = (
				88F4AA9B26DDE65D001898B0 /* Test.app */,
			);
			name = Products;
			sourceTree = "<group>";
		};
		88F4AA9D26DDE65D001898B0 /* Test */ = {
			isa = PBXGroup;
			children = (
				88F4AA9E26DDE65D001898B0 /* AppDelegate.swift */,
				88F4AAA426DDE65D001898B0 /* Main.storyboard */,
				88F4AAA726DDE65D001898B0 /* Assets.xcassets */,
				88F4AAA926DDE65D001898B0 /* LaunchScreen.storyboard */,
				88F4AAAC26DDE65D001898B0 /* Info.plist */,
				880B120A26DF53E40034477A /* Model */,
				880B120926DF53D50034477A /* View */,
				880B121226DF7A540034477A /* ViewModel */,
				880B120E26DF604C0034477A /* TableView Cells */,
				88F4AAC526DE18BC001898B0 /* Extensions.swift */,
			);
			path = Test;
			sourceTree = "<group>";
		};
/* End PBXGroup section */

/* Begin PBXNativeTarget section */
		88F4AA9A26DDE65D001898B0 /* Test */ = {
			isa = PBXNativeTarget;
			buildConfigurationList = 88F4AAAF26DDE65D001898B0 /* Build configuration list for PBXNativeTarget "Test" */;
			buildPhases = (
				88F4AA9726DDE65D001898B0 /* Sources */,
				88F4AA9826DDE65D001898B0 /* Frameworks */,
				88F4AA9926DDE65D001898B0 /* Resources */,
			);
			buildRules = (
			);
			dependencies = (
			);
			name = Test;
			productName = Test;
			productReference = 88F4AA9B26DDE65D001898B0 /* Test.app */;
			productType = "com.apple.product-type.application";
		};
/* End PBXNativeTarget section */

/* Begin PBXProject section */
		88F4AA9326DDE65D001898B0 /* Project object */ = {
			isa = PBXProject;
			attributes = {
				LastSwiftUpdateCheck = 1240;
				LastUpgradeCheck = 1240;
				TargetAttributes = {
					88F4AA9A26DDE65D001898B0 = {
						CreatedOnToolsVersion = 12.4;
					};
				};
			};
			buildConfigurationList = 88F4AA9626DDE65D001898B0 /* Build configuration list for PBXProject "Test" */;
			compatibilityVersion = "Xcode 9.3";
			developmentRegion = en;
			hasScannedForEncodings = 0;
			knownRegions = (
				en,
				Base,
			);
			mainGroup = 88F4AA9226DDE65D001898B0;
			productRefGroup = 88F4AA9C26DDE65D001898B0 /* Products */;
			projectDirPath = "";
			projectRoot = "";
			targets = (
				88F4AA9A26DDE65D001898B0 /* Test */,
			);
		};
/* End PBXProject section */

/* Begin PBXResourcesBuildPhase section */
		88F4AA9926DDE65D001898B0 /* Resources */ = {
			isa = PBXResourcesBuildPhase;
			buildActionMask = 2147483647;
			files = (
				88F4AAAB26DDE65D001898B0 /* LaunchScreen.storyboard in Resources */,
				88F4AAA826DDE65D001898B0 /* Assets.xcassets in Resources */,
				88F4AAB826DDF174001898B0 /* NamesTVCell.xib in Resources */,
				88F4AAA626DDE65D001898B0 /* Main.storyboard in Resources */,
			);
			runOnlyForDeploymentPostprocessing = 0;
		};
/* End PBXResourcesBuildPhase section */

/* Begin PBXSourcesBuildPhase section */
		88F4AA9726DDE65D001898B0 /* Sources */ = {
			isa = PBXSourcesBuildPhase;
			buildActionMask = 2147483647;
			files = (
				88F4AAB726DDF174001898B0 /* NamesTVCell.swift in Sources */,
				880B121026DF76180034477A /* CompanyNamesViewModel.swift in Sources */,
				88F4AAA326DDE65D001898B0 /* ViewController.swift in Sources */,
				880B120C26DF55440034477A /* NamesModel.swift in Sources */,
				88F4AA9F26DDE65D001898B0 /* AppDelegate.swift in Sources */,
				88F4AAC626DE18BC001898B0 /* Extensions.swift in Sources */,
			);
			runOnlyForDeploymentPostprocessing = 0;
		};
/* End PBXSourcesBuildPhase section */

/* Begin PBXVariantGroup section */
		88F4AAA426DDE65D001898B0 /* Main.storyboard */ = {
			isa = PBXVariantGroup;
			children = (
				88F4AAA526DDE65D001898B0 /* Base */,
			);
			name = Main.storyboard;
			sourceTree = "<group>";
		};
		88F4AAA926DDE65D001898B0 /* LaunchScreen.storyboard */ = {
			isa = PBXVariantGroup;
			children = (
				88F4AAAA26DDE65D001898B0 /* Base */,
			);
			name = LaunchScreen.storyboard;
			sourceTree = "<group>";
		};
/* End PBXVariantGroup section */

/* Begin XCBuildConfiguration section */
		88F4AAAD26DDE65D001898B0 /* Debug */ = {
			isa = XCBuildConfiguration;
			buildSettings = {
				ALWAYS_SEARCH_USER_PATHS = NO;
				CLANG_ANALYZER_NONNULL = YES;
				CLANG_ANALYZER_NUMBER_OBJECT_CONVERSION = YES_AGGRESSIVE;
				CLANG_CXX_LANGUAGE_STANDARD = "gnu++14";
				CLANG_CXX_LIBRARY = "libc++";
				CLANG_ENABLE_MODULES = YES;
				CLANG_ENABLE_OBJC_ARC = YES;
				CLANG_ENABLE_OBJC_WEAK = YES;
				CLANG_WARN_BLOCK_CAPTURE_AUTORELEASING = YES;
				CLANG_WARN_BOOL_CONVERSION = YES;
				CLANG_WARN_COMMA = YES;
				CLANG_WARN_CONSTANT_CONVERSION = YES;
				CLANG_WARN_DEPRECATED_OBJC_IMPLEMENTATIONS = YES;
				CLANG_WARN_DIRECT_OBJC_ISA_USAGE = YES_ERROR;
				CLANG_WARN_DOCUMENTATION_COMMENTS = YES;
				CLANG_WARN_EMPTY_BODY = YES;
				CLANG_WARN_ENUM_CONVERSION = YES;
				CLANG_WARN_INFINITE_RECURSION = YES;
				CLANG_WARN_INT_CONVERSION = YES;
				CLANG_WARN_NON_LITERAL_NULL_CONVERSION = YES;
				CLANG_WARN_OBJC_IMPLICIT_RETAIN_SELF = YES;
				CLANG_WARN_OBJC_LITERAL_CONVERSION = YES;
				CLANG_WARN_OBJC_ROOT_CLASS = YES_ERROR;
				CLANG_WARN_QUOTED_INCLUDE_IN_FRAMEWORK_HEADER = YES;
				CLANG_WARN_RANGE_LOOP_ANALYSIS = YES;
				CLANG_WARN_STRICT_PROTOTYPES = YES;
				CLANG_WARN_SUSPICIOUS_MOVE = YES;
				CLANG_WARN_UNGUARDED_AVAILABILITY = YES_AGGRESSIVE;
				CLANG_WARN_UNREACHABLE_CODE = YES;
				CLANG_WARN__DUPLICATE_METHOD_MATCH = YES;
				COPY_PHASE_STRIP = NO;
				DEBUG_INFORMATION_FORMAT = dwarf;
				ENABLE_STRICT_OBJC_MSGSEND = YES;
				ENABLE_TESTABILITY = YES;
				GCC_C_LANGUAGE_STANDARD = gnu11;
				GCC_DYNAMIC_NO_PIC = NO;
				GCC_NO_COMMON_BLOCKS = YES;
				GCC_OPTIMIZATION_LEVEL = 0;
				GCC_PREPROCESSOR_DEFINITIONS = (
					"DEBUG=1",
					"$(inherited)",
				);
				GCC_WARN_64_TO_32_BIT_CONVERSION = YES;
				GCC_WARN_ABOUT_RETURN_TYPE = YES_ERROR;
				GCC_WARN_UNDECLARED_SELECTOR = YES;
				GCC_WARN_UNINITIALIZED_AUTOS = YES_AGGRESSIVE;
				GCC_WARN_UNUSED_FUNCTION = YES;
				GCC_WARN_UNUSED_VARIABLE = YES;
				IPHONEOS_DEPLOYMENT_TARGET = 14.4;
				MTL_ENABLE_DEBUG_INFO = INCLUDE_SOURCE;
				MTL_FAST_MATH = YES;
				ONLY_ACTIVE_ARCH = YES;
				SDKROOT = iphoneos;
				SWIFT_ACTIVE_COMPILATION_CONDITIONS = DEBUG;
				SWIFT_OPTIMIZATION_LEVEL = "-Onone";
			};
			name = Debug;
		};
		88F4AAAE26DDE65D001898B0 /* Release */ = {
			isa = XCBuildConfiguration;
			buildSettings = {
				ALWAYS_SEARCH_USER_PATHS = NO;
				CLANG_ANALYZER_NONNULL = YES;
				CLANG_ANALYZER_NUMBER_OBJECT_CONVERSION = YES_AGGRESSIVE;
				CLANG_CXX_LANGUAGE_STANDARD = "gnu++14";
				CLANG_CXX_LIBRARY = "libc++";
				CLANG_ENABLE_MODULES = YES;
				CLANG_ENABLE_OBJC_ARC = YES;
				CLANG_ENABLE_OBJC_WEAK = YES;
				CLANG_WARN_BLOCK_CAPTURE_AUTORELEASING = YES;
				CLANG_WARN_BOOL_CONVERSION = YES;
				CLANG_WARN_COMMA = YES;
				CLANG_WARN_CONSTANT_CONVERSION = YES;
				CLANG_WARN_DEPRECATED_OBJC_IMPLEMENTATIONS = YES;
				CLANG_WARN_DIRECT_OBJC_ISA_USAGE = YES_ERROR;
				CLANG_WARN_DOCUMENTATION_COMMENTS = YES;
				CLANG_WARN_EMPTY_BODY = YES;
				CLANG_WARN_ENUM_CONVERSION = YES;
				CLANG_WARN_INFINITE_RECURSION = YES;
				CLANG_WARN_INT_CONVERSION = YES;
				CLANG_WARN_NON_LITERAL_NULL_CONVERSION = YES;
				CLANG_WARN_OBJC_IMPLICIT_RETAIN_SELF = YES;
				CLANG_WARN_OBJC_LITERAL_CONVERSION = YES;
				CLANG_WARN_OBJC_ROOT_CLASS = YES_ERROR;
				CLANG_WARN_QUOTED_INCLUDE_IN_FRAMEWORK_HEADER = YES;
				CLANG_WARN_RANGE_LOOP_ANALYSIS = YES;
				CLANG_WARN_STRICT_PROTOTYPES = YES;
				CLANG_WARN_SUSPICIOUS_MOVE = YES;
				CLANG_WARN_UNGUARDED_AVAILABILITY = YES_AGGRESSIVE;
				CLANG_WARN_UNREACHABLE_CODE = YES;
				CLANG_WARN__DUPLICATE_METHOD_MATCH = YES;
				COPY_PHASE_STRIP = NO;
				DEBUG_INFORMATION_FORMAT = "dwarf-with-dsym";
				ENABLE_NS_ASSERTIONS = NO;
				ENABLE_STRICT_OBJC_MSGSEND = YES;
				GCC_C_LANGUAGE_STANDARD = gnu11;
				GCC_NO_COMMON_BLOCKS = YES;
				GCC_WARN_64_TO_32_BIT_CONVERSION = YES;
				GCC_WARN_ABOUT_RETURN_TYPE = YES_ERROR;
				GCC_WARN_UNDECLARED_SELECTOR = YES;
				GCC_WARN_UNINITIALIZED_AUTOS = YES_AGGRESSIVE;
				GCC_WARN_UNUSED_FUNCTION = YES;
				GCC_WARN_UNUSED_VARIABLE = YES;
				IPHONEOS_DEPLOYMENT_TARGET = 14.4;
				MTL_ENABLE_DEBUG_INFO = NO;
				MTL_FAST_MATH = YES;
				SDKROOT = iphoneos;
				SWIFT_COMPILATION_MODE = wholemodule;
				SWIFT_OPTIMIZATION_LEVEL = "-O";
				VALIDATE_PRODUCT = YES;
			};
			name = Release;
		};
		88F4AAB026DDE65D001898B0 /* Debug */ = {
			isa = XCBuildConfiguration;
			buildSettings = {
				ASSETCATALOG_COMPILER_APPICON_NAME = AppIcon;
				ASSETCATALOG_COMPILER_GLOBAL_ACCENT_COLOR_NAME = AccentColor;
				CODE_SIGN_STYLE = Automatic;
				DEVELOPMENT_TEAM = 5TBP77U869;
				INFOPLIST_FILE = Test/Info.plist;
				LD_RUNPATH_SEARCH_PATHS = (
					"$(inherited)",
					"@executable_path/Frameworks",
				);
				PRODUCT_BUNDLE_IDENTIFIER = com.neosoft.Test;
				PRODUCT_NAME = "$(TARGET_NAME)";
				SWIFT_VERSION = 5.0;
				TARGETED_DEVICE_FAMILY = "1,2";
			};
			name = Debug;
		};
		88F4AAB126DDE65D001898B0 /* Release */ = {
			isa = XCBuildConfiguration;
			buildSettings = {
				ASSETCATALOG_COMPILER_APPICON_NAME = AppIcon;
				ASSETCATALOG_COMPILER_GLOBAL_ACCENT_COLOR_NAME = AccentColor;
				CODE_SIGN_STYLE = Automatic;
				DEVELOPMENT_TEAM = 5TBP77U869;
				INFOPLIST_FILE = Test/Info.plist;
				LD_RUNPATH_SEARCH_PATHS = (
					"$(inherited)",
					"@executable_path/Frameworks",
				);
				PRODUCT_BUNDLE_IDENTIFIER = com.neosoft.Test;
				PRODUCT_NAME = "$(TARGET_NAME)";
				SWIFT_VERSION = 5.0;
				TARGETED_DEVICE_FAMILY = "1,2";
			};
			name = Release;
		};
/* End XCBuildConfiguration section */

/* Begin XCConfigurationList section */
		88F4AA9626DDE65D001898B0 /* Build configuration list for PBXProject "Test" */ = {
			isa = XCConfigurationList;
			buildConfigurations = (
				88F4AAAD26DDE65D001898B0 /* Debug */,
				88F4AAAE26DDE65D001898B0 /* Release */,
			);
			defaultConfigurationIsVisible = 0;
			defaultConfigurationName = Release;
		};
		88F4AAAF26DDE65D001898B0 /* Build configuration list for PBXNativeTarget "Test" */ = {
			isa = XCConfigurationList;
			buildConfigurations = (
				88F4AAB026DDE65D001898B0 /* Debug */,
				88F4AAB126DDE65D001898B0 /* Release */,
			);
			defaultConfigurationIsVisible = 0;
			defaultConfigurationName = Release;
		};
/* End XCConfigurationList section */
	};
	rootObject = 88F4AA9326DDE65D001898B0 /* Project object */;
}
